{
  "requires": true,
  "lockfileVersion": 1,
  "dependencies": {
    "logrocket": {
      "version": "1.0.10",
      "resolved": "https://registry.npmjs.org/logrocket/-/logrocket-1.0.10.tgz",
      "integrity": "sha512-7xi/Yla2S2QSqj7wvALUWQXrqWNIOuDpRRVFVbXC16ZsM+h+RRSMSgRJ88+8rE2/eMHIHXte+ok+AbzjtLYqWA=="
    }
  }
}
